
Microsoft Visual Studio Solution File, Format Version 12.00
# Visual Studio Version 16
VisualStudioVersion = 16.0.30011.22
MinimumVisualStudioVersion = 10.0.40219.1
Project("{9A19103F-16F7-4668-BE54-9A1E7A4F7556}") = "NortwindDAL", "Nortwind\NortwindDAL.csproj", "{DC3563A2-60D4-4BEA-9192-1205D83E5F5C}"
EndProject
Project("{9A19103F-16F7-4668-BE54-9A1E7A4F7556}") = "ADOModule", "ADOModule\ADOModule.csproj", "{5278FE65-EF20-4A37-AFEF-6F55AEF67010}"
EndProject
Project("{FAE04EC0-301F-11D3-BF4B-00C04F79EFBC}") = "NorthwindTest", "NorthwindTest\NorthwindTest.csproj", "{581CA99B-4139-4382-A652-362964A4FA96}"
EndProject
Global
	GlobalSection(SolutionConfigurationPlatforms) = preSolution
		Debug|Any CPU = Debug|Any CPU
		Release|Any CPU = Release|Any CPU
	EndGlobalSection
	GlobalSection(ProjectConfigurationPlatforms) = postSolution
		{DC3563A2-60D4-4BEA-9192-1205D83E5F5C}.Debug|Any CPU.ActiveCfg = Debug|Any CPU
		{DC3563A2-60D4-4BEA-9192-1205D83E5F5C}.Debug|Any CPU.Build.0 = Debug|Any CPU
		{DC3563A2-60D4-4BEA-9192-1205D83E5F5C}.Release|Any CPU.ActiveCfg = Release|Any CPU
		{DC3563A2-60D4-4BEA-9192-1205D83E5F5C}.Release|Any CPU.Build.0 = Release|Any CPU
		{5278FE65-EF20-4A37-AFEF-6F55AEF67010}.Debug|Any CPU.ActiveCfg = Debug|Any CPU
		{5278FE65-EF20-4A37-AFEF-6F55AEF67010}.Debug|Any CPU.Build.0 = Debug|Any CPU
		{5278FE65-EF20-4A37-AFEF-6F55AEF67010}.Release|Any CPU.ActiveCfg = Release|Any CPU
		{5278FE65-EF20-4A37-AFEF-6F55AEF67010}.Release|Any CPU.Build.0 = Release|Any CPU
		{581CA99B-4139-4382-A652-362964A4FA96}.Debug|Any CPU.ActiveCfg = Debug|Any CPU
		{581CA99B-4139-4382-A652-362964A4FA96}.Debug|Any CPU.Build.0 = Debug|Any CPU
		{581CA99B-4139-4382-A652-362964A4FA96}.Release|Any CPU.ActiveCfg = Release|Any CPU
		{581CA99B-4139-4382-A652-362964A4FA96}.Release|Any CPU.Build.0 = Release|Any CPU
	EndGlobalSection
	GlobalSection(SolutionProperties) = preSolution
		HideSolutionNode = FALSE
	EndGlobalSection
	GlobalSection(ExtensibilityGlobals) = postSolution
		SolutionGuid = {40D5533C-D9FB-46E0-9D55-5C825ABB7AB1}
	EndGlobalSection
EndGlobal
